{
  "pins" : [
    {
      "identity" : "commander",
      "kind" : "remoteSourceControl",
      "location" : "https://github.com/kylef/Commander.git",
      "state" : {
        "revision" : "4a1f2fb82fb6cef613c4a25d2e38f702e4d812c2",
        "version" : "0.9.2"
      }
    },
    {
      "identity" : "spectre",
      "kind" : "remoteSourceControl",
      "location" : "https://github.com/kylef/Spectre.git",
      "state" : {
        "revision" : "26cc5e9ae0947092c7139ef7ba612e34646086c7",
        "version" : "0.10.1"
      }
    },
    {
      "identity" : "swdifft",
      "kind" : "remoteSourceControl",
      "location" : "https://github.com/bannzai/Swdifft.git",
      "state" : {
        "revision" : "e92c79b9da9d2f87b3bfc6411eccf936b72db51e",
        "version" : "1.0.3"
      }
    },
    {
      "identity" : "swift-argument-parser",
      "kind" : "remoteSourceControl",
      "location" : "https://github.com/apple/swift-argument-parser",
      "state" : {
        "revision" : "6b2aa2748a7881eebb9f84fb10c01293e15b52ca",
        "version" : "0.5.0"
      }
    },
    {
      "identity" : "xcodeproject",
      "kind" : "remoteSourceControl",
      "location" : "https://github.com/bannzai/XcodeProject",
      "state" : {
        "revision" : "7c34203f17c333089376a0b84d568bf9b3b6f971",
        "version" : "1.1.1"
      }
    }
  ],
  "version" : 2
}
